// !$*UTF8*$!
{
	archiveVersion = 1;
	classes = {
	};
	objectVersion = 50;
	objects = {

/* Begin PBXBuildFile section */
		750CDA9B22873DBA004D0FEB /* EsperienzaDetailsViewController.swift in Sources */ = {isa = PBXBuildFile; fileRef = 750CDA9A22873DBA004D0FEB /* EsperienzaDetailsViewController.swift */; };
		750CDA9D22873DDB004D0FEB /* FotoTableViewCell.swift in Sources */ = {isa = PBXBuildFile; fileRef = 750CDA9C22873DDB004D0FEB /* FotoTableViewCell.swift */; };
		750CDA9F22873DEC004D0FEB /* AudioTableViewCell.swift in Sources */ = {isa = PBXBuildFile; fileRef = 750CDA9E22873DEC004D0FEB /* AudioTableViewCell.swift */; };
		750CDAA22289650E004D0FEB /* MioTourTableViewCell.swift in Sources */ = {isa = PBXBuildFile; fileRef = 750CDAA12289650E004D0FEB /* MioTourTableViewCell.swift */; };
		750CDAA422896F31004D0FEB /* NavigationExtension.swift in Sources */ = {isa = PBXBuildFile; fileRef = 750CDAA322896F31004D0FEB /* NavigationExtension.swift */; };
		750CDAB12289A9EA004D0FEB /* audio1.png in Resources */ = {isa = PBXBuildFile; fileRef = 750CDAAD2289A9EA004D0FEB /* audio1.png */; };
		750CDAB22289A9EA004D0FEB /* cuore1.png in Resources */ = {isa = PBXBuildFile; fileRef = 750CDAAE2289A9EA004D0FEB /* cuore1.png */; };
		750CDAB32289A9EA004D0FEB /* musica1.png in Resources */ = {isa = PBXBuildFile; fileRef = 750CDAAF2289A9EA004D0FEB /* musica1.png */; };
		750CDAB42289A9EA004D0FEB /* foto1.png in Resources */ = {isa = PBXBuildFile; fileRef = 750CDAB02289A9EA004D0FEB /* foto1.png */; };
		750CDAB62289B445004D0FEB /* logoVivi.png in Resources */ = {isa = PBXBuildFile; fileRef = 750CDAB52289B445004D0FEB /* logoVivi.png */; };
		750CDAB82289F3F1004D0FEB /* riviviPlay.png in Resources */ = {isa = PBXBuildFile; fileRef = 750CDAB72289F3F1004D0FEB /* riviviPlay.png */; };
		750CDABA2289F462004D0FEB /* MiaTappaTableViewCell.swift in Sources */ = {isa = PBXBuildFile; fileRef = 750CDAB92289F462004D0FEB /* MiaTappaTableViewCell.swift */; };
		750CDABC2289F5CB004D0FEB /* DettagliMioTourViewController.swift in Sources */ = {isa = PBXBuildFile; fileRef = 750CDABB2289F5CB004D0FEB /* DettagliMioTourViewController.swift */; };
		750CDABE2289FFB1004D0FEB /* RiviviViewController.swift in Sources */ = {isa = PBXBuildFile; fileRef = 750CDABD2289FFB1004D0FEB /* RiviviViewController.swift */; };
		750CDAC3228A08CA004D0FEB /* riviviMusica.png in Resources */ = {isa = PBXBuildFile; fileRef = 750CDABF228A08C9004D0FEB /* riviviMusica.png */; };
		750CDAC4228A08CA004D0FEB /* riviviCuore.png in Resources */ = {isa = PBXBuildFile; fileRef = 750CDAC0228A08C9004D0FEB /* riviviCuore.png */; };
		750CDAC5228A08CA004D0FEB /* riviviAudio.png in Resources */ = {isa = PBXBuildFile; fileRef = 750CDAC1228A08C9004D0FEB /* riviviAudio.png */; };
		750CDAC6228A08CA004D0FEB /* riviviCamera.png in Resources */ = {isa = PBXBuildFile; fileRef = 750CDAC2228A08C9004D0FEB /* riviviCamera.png */; };
		750CDAC8228A0A15004D0FEB /* riviviPlayVideo.png in Resources */ = {isa = PBXBuildFile; fileRef = 750CDAC7228A0A15004D0FEB /* riviviPlayVideo.png */; };
		750CDAD2228A128F004D0FEB /* viviPause.png in Resources */ = {isa = PBXBuildFile; fileRef = 750CDACF228A128E004D0FEB /* viviPause.png */; };
		750CDAD3228A128F004D0FEB /* viviPlayRec.png in Resources */ = {isa = PBXBuildFile; fileRef = 750CDAD0228A128F004D0FEB /* viviPlayRec.png */; };
		750CDAD4228A128F004D0FEB /* viviStop.png in Resources */ = {isa = PBXBuildFile; fileRef = 750CDAD1228A128F004D0FEB /* viviStop.png */; };
		750CDADB228ACAFF004D0FEB /* video.mp4 in Resources */ = {isa = PBXBuildFile; fileRef = 750CDADA228AC9B3004D0FEB /* video.mp4 */; };
		758560472280819300EDB1AD /* AppDelegate.swift in Sources */ = {isa = PBXBuildFile; fileRef = 758560462280819300EDB1AD /* AppDelegate.swift */; };
		758560492280819300EDB1AD /* ViewController.swift in Sources */ = {isa = PBXBuildFile; fileRef = 758560482280819300EDB1AD /* ViewController.swift */; };
		7585604C2280819300EDB1AD /* Main.storyboard in Resources */ = {isa = PBXBuildFile; fileRef = 7585604A2280819300EDB1AD /* Main.storyboard */; };
		7585604E2280819400EDB1AD /* Assets.xcassets in Resources */ = {isa = PBXBuildFile; fileRef = 7585604D2280819400EDB1AD /* Assets.xcassets */; };
		758560512280819400EDB1AD /* LaunchScreen.storyboard in Resources */ = {isa = PBXBuildFile; fileRef = 7585604F2280819400EDB1AD /* LaunchScreen.storyboard */; };
		7585605A228081DE00EDB1AD /* Tutorial.storyboard in Resources */ = {isa = PBXBuildFile; fileRef = 75856059228081DE00EDB1AD /* Tutorial.storyboard */; };
		7585605C2280827E00EDB1AD /* MieiPercorsiViewController.swift in Sources */ = {isa = PBXBuildFile; fileRef = 7585605B2280827E00EDB1AD /* MieiPercorsiViewController.swift */; };
		7585605E2280829400EDB1AD /* CercaViewController.swift in Sources */ = {isa = PBXBuildFile; fileRef = 7585605D2280829400EDB1AD /* CercaViewController.swift */; };
		75856060228082C200EDB1AD /* ImpostazioniViewController.swift in Sources */ = {isa = PBXBuildFile; fileRef = 7585605F228082C200EDB1AD /* ImpostazioniViewController.swift */; };
		758560622280B5E500EDB1AD /* TutorialViewController.swift in Sources */ = {isa = PBXBuildFile; fileRef = 758560612280B5E500EDB1AD /* TutorialViewController.swift */; };
		758560642280CE8A00EDB1AD /* TutorialPageViewController.swift in Sources */ = {isa = PBXBuildFile; fileRef = 758560632280CE8A00EDB1AD /* TutorialPageViewController.swift */; };
		75FB9AD52281BBEA00A0881E /* IMG_0462.jpg in Resources */ = {isa = PBXBuildFile; fileRef = 75FB9AD42281BBEA00A0881E /* IMG_0462.jpg */; };
		75FB9AD72281C29D00A0881E /* capodimonteCopertina.jpg in Resources */ = {isa = PBXBuildFile; fileRef = 75FB9AD62281C29C00A0881E /* capodimonteCopertina.jpg */; };
		75FB9AD92281CD3200A0881E /* MuseoTableViewCell.swift in Sources */ = {isa = PBXBuildFile; fileRef = 75FB9AD82281CD3200A0881E /* MuseoTableViewCell.swift */; };
		75FB9ADB2281CECB00A0881E /* museiCapitoliniCopertina.jpg in Resources */ = {isa = PBXBuildFile; fileRef = 75FB9ADA2281CECB00A0881E /* museiCapitoliniCopertina.jpg */; };
		75FB9ADD2281EB8F00A0881E /* Museo.swift in Sources */ = {isa = PBXBuildFile; fileRef = 75FB9ADC2281EB8F00A0881E /* Museo.swift */; };
		75FB9ADF2281EC6700A0881E /* TourEmpart.swift in Sources */ = {isa = PBXBuildFile; fileRef = 75FB9ADE2281EC6700A0881E /* TourEmpart.swift */; };
		75FB9AE12281EE3000A0881E /* Tappa.swift in Sources */ = {isa = PBXBuildFile; fileRef = 75FB9AE02281EE3000A0881E /* Tappa.swift */; };
		75FB9AE32281EF3E00A0881E /* Opera.swift in Sources */ = {isa = PBXBuildFile; fileRef = 75FB9AE22281EF3E00A0881E /* Opera.swift */; };
		75FB9AE52281EF5000A0881E /* Autore.swift in Sources */ = {isa = PBXBuildFile; fileRef = 75FB9AE42281EF5000A0881E /* Autore.swift */; };
		75FB9AE72281EFE200A0881E /* Beacon.swift in Sources */ = {isa = PBXBuildFile; fileRef = 75FB9AE62281EFE200A0881E /* Beacon.swift */; };
		75FB9AE92281F4F300A0881E /* Emozione.swift in Sources */ = {isa = PBXBuildFile; fileRef = 75FB9AE82281F4F300A0881E /* Emozione.swift */; };
		75FB9AEB2281F5A400A0881E /* MioTour.swift in Sources */ = {isa = PBXBuildFile; fileRef = 75FB9AEA2281F5A400A0881E /* MioTour.swift */; };
		75FB9AED2281F6A500A0881E /* MiaTappa.swift in Sources */ = {isa = PBXBuildFile; fileRef = 75FB9AEC2281F6A500A0881E /* MiaTappa.swift */; };
		75FB9AEF2281F70300A0881E /* RicordoEmpart.swift in Sources */ = {isa = PBXBuildFile; fileRef = 75FB9AEE2281F70300A0881E /* RicordoEmpart.swift */; };
		75FB9AF12281F72400A0881E /* EsperienzaEmpart.swift in Sources */ = {isa = PBXBuildFile; fileRef = 75FB9AF02281F72400A0881E /* EsperienzaEmpart.swift */; };
		75FB9AF3228212AA00A0881E /* museoArcheologicoCopertina.jpg in Resources */ = {isa = PBXBuildFile; fileRef = 75FB9AF2228212AA00A0881E /* museoArcheologicoCopertina.jpg */; };
		75FB9AF5228212C700A0881E /* palazzoRealeCopertina.jpg in Resources */ = {isa = PBXBuildFile; fileRef = 75FB9AF4228212C700A0881E /* palazzoRealeCopertina.jpg */; };
		75FB9AF9228218D000A0881E /* tourStorie.jpg in Resources */ = {isa = PBXBuildFile; fileRef = 75FB9AF8228218D000A0881E /* tourStorie.jpg */; };
		75FB9AFB228218D900A0881E /* tourOroRosso.jpg in Resources */ = {isa = PBXBuildFile; fileRef = 75FB9AFA228218D900A0881E /* tourOroRosso.jpg */; };
		75FB9AFD228219AA00A0881E /* tourCaravaggio.png in Resources */ = {isa = PBXBuildFile; fileRef = 75FB9AFC228219AA00A0881E /* tourCaravaggio.png */; };
		75FB9AFF22821F0A00A0881E /* DettaglioMuseoViewController.swift in Sources */ = {isa = PBXBuildFile; fileRef = 75FB9AFE22821F0A00A0881E /* DettaglioMuseoViewController.swift */; };
		75FB9B022282231D00A0881E /* TourTableViewCell.swift in Sources */ = {isa = PBXBuildFile; fileRef = 75FB9B012282231D00A0881E /* TourTableViewCell.swift */; };
		75FB9B042282B48800A0881E /* testScan.png in Resources */ = {isa = PBXBuildFile; fileRef = 75FB9B032282B48800A0881E /* testScan.png */; };
		75FB9B062282B7BF00A0881E /* qrcode.png in Resources */ = {isa = PBXBuildFile; fileRef = 75FB9B052282B7BF00A0881E /* qrcode.png */; };
		75FB9B0E2282EB0700A0881E /* sal1.png in Resources */ = {isa = PBXBuildFile; fileRef = 75FB9B082282EB0700A0881E /* sal1.png */; };
		75FB9B0F2282EB0700A0881E /* flag2.png in Resources */ = {isa = PBXBuildFile; fileRef = 75FB9B092282EB0700A0881E /* flag2.png */; };
		75FB9B102282EB0700A0881E /* gio1.png in Resources */ = {isa = PBXBuildFile; fileRef = 75FB9B0A2282EB0700A0881E /* gio1.png */; };
		75FB9B112282EB0700A0881E /* flag1.png in Resources */ = {isa = PBXBuildFile; fileRef = 75FB9B0B2282EB0700A0881E /* flag1.png */; };
		75FB9B122282EB0700A0881E /* mart1.png in Resources */ = {isa = PBXBuildFile; fileRef = 75FB9B0C2282EB0700A0881E /* mart1.png */; };
		75FB9B132282EB0700A0881E /* sal2.png in Resources */ = {isa = PBXBuildFile; fileRef = 75FB9B0D2282EB0700A0881E /* sal2.png */; };
		75FB9B1A2282EC9B00A0881E /* flag2th.png in Resources */ = {isa = PBXBuildFile; fileRef = 75FB9B142282EC9B00A0881E /* flag2th.png */; };
		75FB9B1B2282EC9B00A0881E /* mart1th.png in Resources */ = {isa = PBXBuildFile; fileRef = 75FB9B152282EC9B00A0881E /* mart1th.png */; };
		75FB9B1C2282EC9B00A0881E /* gio1th.png in Resources */ = {isa = PBXBuildFile; fileRef = 75FB9B162282EC9B00A0881E /* gio1th.png */; };
		75FB9B1D2282EC9B00A0881E /* flag1th.png in Resources */ = {isa = PBXBuildFile; fileRef = 75FB9B172282EC9B00A0881E /* flag1th.png */; };
		75FB9B1E2282EC9B00A0881E /* sal1th.png in Resources */ = {isa = PBXBuildFile; fileRef = 75FB9B182282EC9B00A0881E /* sal1th.png */; };
		75FB9B1F2282EC9B00A0881E /* sal2th.png in Resources */ = {isa = PBXBuildFile; fileRef = 75FB9B192282EC9B00A0881E /* sal2th.png */; };
		75FB9B212283099B00A0881E /* DettaglioTourViewController.swift in Sources */ = {isa = PBXBuildFile; fileRef = 75FB9B202283099B00A0881E /* DettaglioTourViewController.swift */; };
		75FB9B2322830AC500A0881E /* TappaTableViewCell.swift in Sources */ = {isa = PBXBuildFile; fileRef = 75FB9B2222830AC500A0881E /* TappaTableViewCell.swift */; };
		75FB9B2522831CD200A0881E /* DettaglioTappaViewController.swift in Sources */ = {isa = PBXBuildFile; fileRef = 75FB9B2422831CD200A0881E /* DettaglioTappaViewController.swift */; };
		75FB9B2C228423E300A0881E /* Pulsing.swift in Sources */ = {isa = PBXBuildFile; fileRef = 75FB9B2B228423E300A0881E /* Pulsing.swift */; };
		75FB9B2E228465DF00A0881E /* DataManager.swift in Sources */ = {isa = PBXBuildFile; fileRef = 75FB9B2D228465DF00A0881E /* DataManager.swift */; };
		75FB9B3022848A7700A0881E /* TourScanViewController.swift in Sources */ = {isa = PBXBuildFile; fileRef = 75FB9B2F22848A7700A0881E /* TourScanViewController.swift */; };
		75FB9B3322858EA000A0881E /* ViviViewController.swift in Sources */ = {isa = PBXBuildFile; fileRef = 75FB9B3222858EA000A0881E /* ViviViewController.swift */; };
		75FB9B352285C3F900A0881E /* Pause-512.png in Resources */ = {isa = PBXBuildFile; fileRef = 75FB9B342285C3F900A0881E /* Pause-512.png */; };
		75FB9B372285C47400A0881E /* 16052.png in Resources */ = {isa = PBXBuildFile; fileRef = 75FB9B362285C47400A0881E /* 16052.png */; };
		75FB9B392285C4B800A0881E /* stop-squared-filled.png in Resources */ = {isa = PBXBuildFile; fileRef = 75FB9B382285C4B800A0881E /* stop-squared-filled.png */; };
		75FB9B50228618DB00A0881E /* YXWaveView.swift in Sources */ = {isa = PBXBuildFile; fileRef = 75FB9B4F228618DB00A0881E /* YXWaveView.swift */; };
		75FB9B5222870E4300A0881E /* EmozioniTableViewController.swift in Sources */ = {isa = PBXBuildFile; fileRef = 75FB9B5122870E4300A0881E /* EmozioniTableViewController.swift */; };
		75FB9B5422870E5D00A0881E /* EmozioneTableViewCell.swift in Sources */ = {isa = PBXBuildFile; fileRef = 75FB9B5322870E5D00A0881E /* EmozioneTableViewCell.swift */; };
		75FB9B56228723E000A0881E /* prove loghi-15.png in Resources */ = {isa = PBXBuildFile; fileRef = 75FB9B55228723E000A0881E /* prove loghi-15.png */; };
/* End PBXBuildFile section */

/* Begin PBXFileReference section */
		750CDA9A22873DBA004D0FEB /* EsperienzaDetailsViewController.swift */ = {isa = PBXFileReference; lastKnownFileType = sourcecode.swift; path = EsperienzaDetailsViewController.swift; sourceTree = "<group>"; };
		750CDA9C22873DDB004D0FEB /* FotoTableViewCell.swift */ = {isa = PBXFileReference; lastKnownFileType = sourcecode.swift; path = FotoTableViewCell.swift; sourceTree = "<group>"; };
		750CDA9E22873DEC004D0FEB /* AudioTableViewCell.swift */ = {isa = PBXFileReference; lastKnownFileType = sourcecode.swift; path = AudioTableViewCell.swift; sourceTree = "<group>"; };
		750CDAA12289650E004D0FEB /* MioTourTableViewCell.swift */ = {isa = PBXFileReference; lastKnownFileType = sourcecode.swift; path = MioTourTableViewCell.swift; sourceTree = "<group>"; };
		750CDAA322896F31004D0FEB /* NavigationExtension.swift */ = {isa = PBXFileReference; lastKnownFileType = sourcecode.swift; path = NavigationExtension.swift; sourceTree = "<group>"; };
		750CDAAD2289A9EA004D0FEB /* audio1.png */ = {isa = PBXFileReference; lastKnownFileType = image.png; path = audio1.png; sourceTree = "<group>"; };
		750CDAAE2289A9EA004D0FEB /* cuore1.png */ = {isa = PBXFileReference; lastKnownFileType = image.png; path = cuore1.png; sourceTree = "<group>"; };
		750CDAAF2289A9EA004D0FEB /* musica1.png */ = {isa = PBXFileReference; lastKnownFileType = image.png; path = musica1.png; sourceTree = "<group>"; };
		750CDAB02289A9EA004D0FEB /* foto1.png */ = {isa = PBXFileReference; lastKnownFileType = image.png; path = foto1.png; sourceTree = "<group>"; };
		750CDAB52289B445004D0FEB /* logoVivi.png */ = {isa = PBXFileReference; lastKnownFileType = image.png; path = logoVivi.png; sourceTree = "<group>"; };
		750CDAB72289F3F1004D0FEB /* riviviPlay.png */ = {isa = PBXFileReference; lastKnownFileType = image.png; path = riviviPlay.png; sourceTree = "<group>"; };
		750CDAB92289F462004D0FEB /* MiaTappaTableViewCell.swift */ = {isa = PBXFileReference; lastKnownFileType = sourcecode.swift; path = MiaTappaTableViewCell.swift; sourceTree = "<group>"; };
		750CDABB2289F5CB004D0FEB /* DettagliMioTourViewController.swift */ = {isa = PBXFileReference; lastKnownFileType = sourcecode.swift; path = DettagliMioTourViewController.swift; sourceTree = "<group>"; };
		750CDABD2289FFB1004D0FEB /* RiviviViewController.swift */ = {isa = PBXFileReference; lastKnownFileType = sourcecode.swift; path = RiviviViewController.swift; sourceTree = "<group>"; };
		750CDABF228A08C9004D0FEB /* riviviMusica.png */ = {isa = PBXFileReference; lastKnownFileType = image.png; path = riviviMusica.png; sourceTree = "<group>"; };
		750CDAC0228A08C9004D0FEB /* riviviCuore.png */ = {isa = PBXFileReference; lastKnownFileType = image.png; path = riviviCuore.png; sourceTree = "<group>"; };
		750CDAC1228A08C9004D0FEB /* riviviAudio.png */ = {isa = PBXFileReference; lastKnownFileType = image.png; path = riviviAudio.png; sourceTree = "<group>"; };
		750CDAC2228A08C9004D0FEB /* riviviCamera.png */ = {isa = PBXFileReference; lastKnownFileType = image.png; path = riviviCamera.png; sourceTree = "<group>"; };
		750CDAC7228A0A15004D0FEB /* riviviPlayVideo.png */ = {isa = PBXFileReference; lastKnownFileType = image.png; path = riviviPlayVideo.png; sourceTree = "<group>"; };
		750CDACF228A128E004D0FEB /* viviPause.png */ = {isa = PBXFileReference; lastKnownFileType = image.png; path = viviPause.png; sourceTree = "<group>"; };
		750CDAD0228A128F004D0FEB /* viviPlayRec.png */ = {isa = PBXFileReference; lastKnownFileType = image.png; path = viviPlayRec.png; sourceTree = "<group>"; };
		750CDAD1228A128F004D0FEB /* viviStop.png */ = {isa = PBXFileReference; lastKnownFileType = image.png; path = viviStop.png; sourceTree = "<group>"; };
		750CDADA228AC9B3004D0FEB /* video.mp4 */ = {isa = PBXFileReference; lastKnownFileType = file; path = video.mp4; sourceTree = "<group>"; };
		758560432280819300EDB1AD /* Empart.app */ = {isa = PBXFileReference; explicitFileType = wrapper.application; includeInIndex = 0; path = Empart.app; sourceTree = BUILT_PRODUCTS_DIR; };
		758560462280819300EDB1AD /* AppDelegate.swift */ = {isa = PBXFileReference; lastKnownFileType = sourcecode.swift; path = AppDelegate.swift; sourceTree = "<group>"; };
		758560482280819300EDB1AD /* ViewController.swift */ = {isa = PBXFileReference; lastKnownFileType = sourcecode.swift; path = ViewController.swift; sourceTree = "<group>"; };
		7585604B2280819300EDB1AD /* Base */ = {isa = PBXFileReference; lastKnownFileType = file.storyboard; name = Base; path = Base.lproj/Main.storyboard; sourceTree = "<group>"; };
		7585604D2280819400EDB1AD /* Assets.xcassets */ = {isa = PBXFileReference; lastKnownFileType = folder.assetcatalog; path = Assets.xcassets; sourceTree = "<group>"; };
		758560502280819400EDB1AD /* Base */ = {isa = PBXFileReference; lastKnownFileType = file.storyboard; name = Base; path = Base.lproj/LaunchScreen.storyboard; sourceTree = "<group>"; };
		758560522280819400EDB1AD /* Info.plist */ = {isa = PBXFileReference; lastKnownFileType = text.plist.xml; path = Info.plist; sourceTree = "<group>"; };
		75856059228081DE00EDB1AD /* Tutorial.storyboard */ = {isa = PBXFileReference; lastKnownFileType = file.storyboard; path = Tutorial.storyboard; sourceTree = "<group>"; };
		7585605B2280827E00EDB1AD /* MieiPercorsiViewController.swift */ = {isa = PBXFileReference; lastKnownFileType = sourcecode.swift; path = MieiPercorsiViewController.swift; sourceTree = "<group>"; };
		7585605D2280829400EDB1AD /* CercaViewController.swift */ = {isa = PBXFileReference; lastKnownFileType = sourcecode.swift; path = CercaViewController.swift; sourceTree = "<group>"; };
		7585605F228082C200EDB1AD /* ImpostazioniViewController.swift */ = {isa = PBXFileReference; lastKnownFileType = sourcecode.swift; path = ImpostazioniViewController.swift; sourceTree = "<group>"; };
		758560612280B5E500EDB1AD /* TutorialViewController.swift */ = {isa = PBXFileReference; lastKnownFileType = sourcecode.swift; path = TutorialViewController.swift; sourceTree = "<group>"; };
		758560632280CE8A00EDB1AD /* TutorialPageViewController.swift */ = {isa = PBXFileReference; lastKnownFileType = sourcecode.swift; path = TutorialPageViewController.swift; sourceTree = "<group>"; };
		75FB9AD42281BBEA00A0881E /* IMG_0462.jpg */ = {isa = PBXFileReference; lastKnownFileType = image.jpeg; path = IMG_0462.jpg; sourceTree = "<group>"; };
		75FB9AD62281C29C00A0881E /* capodimonteCopertina.jpg */ = {isa = PBXFileReference; lastKnownFileType = image.jpeg; path = capodimonteCopertina.jpg; sourceTree = "<group>"; };
		75FB9AD82281CD3200A0881E /* MuseoTableViewCell.swift */ = {isa = PBXFileReference; lastKnownFileType = sourcecode.swift; path = MuseoTableViewCell.swift; sourceTree = "<group>"; };
		75FB9ADA2281CECB00A0881E /* museiCapitoliniCopertina.jpg */ = {isa = PBXFileReference; lastKnownFileType = image.jpeg; path = museiCapitoliniCopertina.jpg; sourceTree = "<group>"; };
		75FB9ADC2281EB8F00A0881E /* Museo.swift */ = {isa = PBXFileReference; lastKnownFileType = sourcecode.swift; path = Museo.swift; sourceTree = "<group>"; };
		75FB9ADE2281EC6700A0881E /* TourEmpart.swift */ = {isa = PBXFileReference; lastKnownFileType = sourcecode.swift; path = TourEmpart.swift; sourceTree = "<group>"; };
		75FB9AE02281EE3000A0881E /* Tappa.swift */ = {isa = PBXFileReference; lastKnownFileType = sourcecode.swift; path = Tappa.swift; sourceTree = "<group>"; };
		75FB9AE22281EF3E00A0881E /* Opera.swift */ = {isa = PBXFileReference; lastKnownFileType = sourcecode.swift; path = Opera.swift; sourceTree = "<group>"; };
		75FB9AE42281EF5000A0881E /* Autore.swift */ = {isa = PBXFileReference; lastKnownFileType = sourcecode.swift; path = Autore.swift; sourceTree = "<group>"; };
		75FB9AE62281EFE200A0881E /* Beacon.swift */ = {isa = PBXFileReference; lastKnownFileType = sourcecode.swift; path = Beacon.swift; sourceTree = "<group>"; };
		75FB9AE82281F4F300A0881E /* Emozione.swift */ = {isa = PBXFileReference; lastKnownFileType = sourcecode.swift; path = Emozione.swift; sourceTree = "<group>"; };
		75FB9AEA2281F5A400A0881E /* MioTour.swift */ = {isa = PBXFileReference; lastKnownFileType = sourcecode.swift; path = MioTour.swift; sourceTree = "<group>"; };
		75FB9AEC2281F6A500A0881E /* MiaTappa.swift */ = {isa = PBXFileReference; lastKnownFileType = sourcecode.swift; path = MiaTappa.swift; sourceTree = "<group>"; };
		75FB9AEE2281F70300A0881E /* RicordoEmpart.swift */ = {isa = PBXFileReference; lastKnownFileType = sourcecode.swift; path = RicordoEmpart.swift; sourceTree = "<group>"; };
		75FB9AF02281F72400A0881E /* EsperienzaEmpart.swift */ = {isa = PBXFileReference; lastKnownFileType = sourcecode.swift; path = EsperienzaEmpart.swift; sourceTree = "<group>"; };
		75FB9AF2228212AA00A0881E /* museoArcheologicoCopertina.jpg */ = {isa = PBXFileReference; lastKnownFileType = image.jpeg; path = museoArcheologicoCopertina.jpg; sourceTree = "<group>"; };
		75FB9AF4228212C700A0881E /* palazzoRealeCopertina.jpg */ = {isa = PBXFileReference; lastKnownFileType = image.jpeg; path = palazzoRealeCopertina.jpg; sourceTree = "<group>"; };
		75FB9AF8228218D000A0881E /* tourStorie.jpg */ = {isa = PBXFileReference; lastKnownFileType = image.jpeg; path = tourStorie.jpg; sourceTree = "<group>"; };
		75FB9AFA228218D900A0881E /* tourOroRosso.jpg */ = {isa = PBXFileReference; lastKnownFileType = image.jpeg; path = tourOroRosso.jpg; sourceTree = "<group>"; };
		75FB9AFC228219AA00A0881E /* tourCaravaggio.png */ = {isa = PBXFileReference; lastKnownFileType = image.png; path = tourCaravaggio.png; sourceTree = "<group>"; };
		75FB9AFE22821F0A00A0881E /* DettaglioMuseoViewController.swift */ = {isa = PBXFileReference; lastKnownFileType = sourcecode.swift; path = DettaglioMuseoViewController.swift; sourceTree = "<group>"; };
		75FB9B012282231D00A0881E /* TourTableViewCell.swift */ = {isa = PBXFileReference; lastKnownFileType = sourcecode.swift; path = TourTableViewCell.swift; sourceTree = "<group>"; };
		75FB9B032282B48800A0881E /* testScan.png */ = {isa = PBXFileReference; lastKnownFileType = image.png; path = testScan.png; sourceTree = "<group>"; };
		75FB9B052282B7BF00A0881E /* qrcode.png */ = {isa = PBXFileReference; lastKnownFileType = image.png; path = qrcode.png; sourceTree = "<group>"; };
		75FB9B082282EB0700A0881E /* sal1.png */ = {isa = PBXFileReference; lastKnownFileType = image.png; path = sal1.png; sourceTree = "<group>"; };
		75FB9B092282EB0700A0881E /* flag2.png */ = {isa = PBXFileReference; lastKnownFileType = image.png; path = flag2.png; sourceTree = "<group>"; };
		75FB9B0A2282EB0700A0881E /* gio1.png */ = {isa = PBXFileReference; lastKnownFileType = image.png; path = gio1.png; sourceTree = "<group>"; };
		75FB9B0B2282EB0700A0881E /* flag1.png */ = {isa = PBXFileReference; lastKnownFileType = image.png; path = flag1.png; sourceTree = "<group>"; };
		75FB9B0C2282EB0700A0881E /* mart1.png */ = {isa = PBXFileReference; lastKnownFileType = image.png; path = mart1.png; sourceTree = "<group>"; };
		75FB9B0D2282EB0700A0881E /* sal2.png */ = {isa = PBXFileReference; lastKnownFileType = image.png; path = sal2.png; sourceTree = "<group>"; };
		75FB9B142282EC9B00A0881E /* flag2th.png */ = {isa = PBXFileReference; lastKnownFileType = image.png; path = flag2th.png; sourceTree = "<group>"; };
		75FB9B152282EC9B00A0881E /* mart1th.png */ = {isa = PBXFileReference; lastKnownFileType = image.png; path = mart1th.png; sourceTree = "<group>"; };
		75FB9B162282EC9B00A0881E /* gio1th.png */ = {isa = PBXFileReference; lastKnownFileType = image.png; path = gio1th.png; sourceTree = "<group>"; };
		75FB9B172282EC9B00A0881E /* flag1th.png */ = {isa = PBXFileReference; lastKnownFileType = image.png; path = flag1th.png; sourceTree = "<group>"; };
		75FB9B182282EC9B00A0881E /* sal1th.png */ = {isa = PBXFileReference; lastKnownFileType = image.png; path = sal1th.png; sourceTree = "<group>"; };
		75FB9B192282EC9B00A0881E /* sal2th.png */ = {isa = PBXFileReference; lastKnownFileType = image.png; path = sal2th.png; sourceTree = "<group>"; };
		75FB9B202283099B00A0881E /* DettaglioTourViewController.swift */ = {isa = PBXFileReference; lastKnownFileType = sourcecode.swift; path = DettaglioTourViewController.swift; sourceTree = "<group>"; };
		75FB9B2222830AC500A0881E /* TappaTableViewCell.swift */ = {isa = PBXFileReference; lastKnownFileType = sourcecode.swift; path = TappaTableViewCell.swift; sourceTree = "<group>"; };
		75FB9B2422831CD200A0881E /* DettaglioTappaViewController.swift */ = {isa = PBXFileReference; lastKnownFileType = sourcecode.swift; path = DettaglioTappaViewController.swift; sourceTree = "<group>"; };
		75FB9B2B228423E300A0881E /* Pulsing.swift */ = {isa = PBXFileReference; lastKnownFileType = sourcecode.swift; path = Pulsing.swift; sourceTree = "<group>"; };
		75FB9B2D228465DF00A0881E /* DataManager.swift */ = {isa = PBXFileReference; lastKnownFileType = sourcecode.swift; path = DataManager.swift; sourceTree = "<group>"; };
		75FB9B2F22848A7700A0881E /* TourScanViewController.swift */ = {isa = PBXFileReference; lastKnownFileType = sourcecode.swift; path = TourScanViewController.swift; sourceTree = "<group>"; };
		75FB9B3222858EA000A0881E /* ViviViewController.swift */ = {isa = PBXFileReference; lastKnownFileType = sourcecode.swift; path = ViviViewController.swift; sourceTree = "<group>"; };
		75FB9B342285C3F900A0881E /* Pause-512.png */ = {isa = PBXFileReference; lastKnownFileType = image.png; path = "Pause-512.png"; sourceTree = "<group>"; };
		75FB9B362285C47400A0881E /* 16052.png */ = {isa = PBXFileReference; lastKnownFileType = image.png; path = 16052.png; sourceTree = "<group>"; };
		75FB9B382285C4B800A0881E /* stop-squared-filled.png */ = {isa = PBXFileReference; lastKnownFileType = image.png; path = "stop-squared-filled.png"; sourceTree = "<group>"; };
		75FB9B4F228618DB00A0881E /* YXWaveView.swift */ = {isa = PBXFileReference; lastKnownFileType = sourcecode.swift; path = YXWaveView.swift; sourceTree = "<group>"; };
		75FB9B5122870E4300A0881E /* EmozioniTableViewController.swift */ = {isa = PBXFileReference; lastKnownFileType = sourcecode.swift; path = EmozioniTableViewController.swift; sourceTree = "<group>"; };
		75FB9B5322870E5D00A0881E /* EmozioneTableViewCell.swift */ = {isa = PBXFileReference; lastKnownFileType = sourcecode.swift; path = EmozioneTableViewCell.swift; sourceTree = "<group>"; };
		75FB9B55228723E000A0881E /* prove loghi-15.png */ = {isa = PBXFileReference; lastKnownFileType = image.png; path = "prove loghi-15.png"; sourceTree = "<group>"; };
/* End PBXFileReference section */

/* Begin PBXFrameworksBuildPhase section */
		758560402280819300EDB1AD /* Frameworks */ = {
			isa = PBXFrameworksBuildPhase;
			buildActionMask = 2147483647;
			files = (
			);
			runOnlyForDeploymentPostprocessing = 0;
		};
/* End PBXFrameworksBuildPhase section */

/* Begin PBXGroup section */
		750CDAA022896240004D0FEB /* MieiTours */ = {
			isa = PBXGroup;
			children = (
				7585605B2280827E00EDB1AD /* MieiPercorsiViewController.swift */,
				750CDAA12289650E004D0FEB /* MioTourTableViewCell.swift */,
				750CDABB2289F5CB004D0FEB /* DettagliMioTourViewController.swift */,
				750CDAB92289F462004D0FEB /* MiaTappaTableViewCell.swift */,
				750CDABD2289FFB1004D0FEB /* RiviviViewController.swift */,
			);
			path = MieiTours;
			sourceTree = "<group>";
		};
		750CDAD5228AA7BD004D0FEB /* Conserva */ = {
			isa = PBXGroup;
			children = (
			);
			path = Conserva;
			sourceTree = "<group>";
		};
		750CDAD8228AC057004D0FEB /* TmpVideos */ = {
			isa = PBXGroup;
			children = (
				750CDADA228AC9B3004D0FEB /* video.mp4 */,
			);
			path = TmpVideos;
			sourceTree = "<group>";
		};
		7585603A2280819300EDB1AD = {
			isa = PBXGroup;
			children = (
				758560452280819300EDB1AD /* Empart */,
				758560442280819300EDB1AD /* Products */,
			);
			sourceTree = "<group>";
		};
		758560442280819300EDB1AD /* Products */ = {
			isa = PBXGroup;
			children = (
				758560432280819300EDB1AD /* Empart.app */,
			);
			name = Products;
			sourceTree = "<group>";
		};
		758560452280819300EDB1AD /* Empart */ = {
			isa = PBXGroup;
			children = (
				750CDAD8228AC057004D0FEB /* TmpVideos */,
				75FB9AD32281BBD000A0881E /* TmpImages */,
				750CDAD5228AA7BD004D0FEB /* Conserva */,
				7585606522816B1E00EDB1AD /* Model */,
				75856058228081B900EDB1AD /* Storyboards */,
				7585604D2280819400EDB1AD /* Assets.xcassets */,
				7585604F2280819400EDB1AD /* LaunchScreen.storyboard */,
				758560522280819400EDB1AD /* Info.plist */,
				758560462280819300EDB1AD /* AppDelegate.swift */,
				750CDAA022896240004D0FEB /* MieiTours */,
				75FB9B4E228618AD00A0881E /* Wave */,
				75FB9B002282225900A0881E /* Tours */,
				75FB9B312285602B00A0881E /* Vivi */,
				7585605D2280829400EDB1AD /* CercaViewController.swift */,
				7585605F228082C200EDB1AD /* ImpostazioniViewController.swift */,
				758560612280B5E500EDB1AD /* TutorialViewController.swift */,
				758560632280CE8A00EDB1AD /* TutorialPageViewController.swift */,
				75FB9B2B228423E300A0881E /* Pulsing.swift */,
				750CDAA322896F31004D0FEB /* NavigationExtension.swift */,
			);
			path = Empart;
			sourceTree = "<group>";
		};
		75856058228081B900EDB1AD /* Storyboards */ = {
			isa = PBXGroup;
			children = (
				7585604A2280819300EDB1AD /* Main.storyboard */,
				75856059228081DE00EDB1AD /* Tutorial.storyboard */,
			);
			path = Storyboards;
			sourceTree = "<group>";
		};
		7585606522816B1E00EDB1AD /* Model */ = {
			isa = PBXGroup;
			children = (
				75FB9ADC2281EB8F00A0881E /* Museo.swift */,
				75FB9ADE2281EC6700A0881E /* TourEmpart.swift */,
				75FB9AE02281EE3000A0881E /* Tappa.swift */,
				75FB9AE22281EF3E00A0881E /* Opera.swift */,
				75FB9AE42281EF5000A0881E /* Autore.swift */,
				75FB9AE62281EFE200A0881E /* Beacon.swift */,
				75FB9AE82281F4F300A0881E /* Emozione.swift */,
				75FB9AEA2281F5A400A0881E /* MioTour.swift */,
				75FB9AEC2281F6A500A0881E /* MiaTappa.swift */,
				75FB9AEE2281F70300A0881E /* RicordoEmpart.swift */,
				75FB9AF02281F72400A0881E /* EsperienzaEmpart.swift */,
				75FB9B2D228465DF00A0881E /* DataManager.swift */,
			);
			path = Model;
			sourceTree = "<group>";
		};
		75FB9AD32281BBD000A0881E /* TmpImages */ = {
			isa = PBXGroup;
			children = (
				750CDACF228A128E004D0FEB /* viviPause.png */,
				750CDAD0228A128F004D0FEB /* viviPlayRec.png */,
				750CDAD1228A128F004D0FEB /* viviStop.png */,
				750CDAC7228A0A15004D0FEB /* riviviPlayVideo.png */,
				750CDAC1228A08C9004D0FEB /* riviviAudio.png */,
				750CDAC2228A08C9004D0FEB /* riviviCamera.png */,
				750CDAC0228A08C9004D0FEB /* riviviCuore.png */,
				750CDABF228A08C9004D0FEB /* riviviMusica.png */,
				750CDAB72289F3F1004D0FEB /* riviviPlay.png */,
				750CDAB52289B445004D0FEB /* logoVivi.png */,
				750CDAAD2289A9EA004D0FEB /* audio1.png */,
				750CDAAE2289A9EA004D0FEB /* cuore1.png */,
				750CDAB02289A9EA004D0FEB /* foto1.png */,
				750CDAAF2289A9EA004D0FEB /* musica1.png */,
				75FB9B382285C4B800A0881E /* stop-squared-filled.png */,
				75FB9B362285C47400A0881E /* 16052.png */,
				75FB9B342285C3F900A0881E /* Pause-512.png */,
				75FB9B052282B7BF00A0881E /* qrcode.png */,
				75FB9B032282B48800A0881E /* testScan.png */,
				75FB9AF72282175400A0881E /* Tours */,
				75FB9AF62282173F00A0881E /* Musei */,
				75FB9AD42281BBEA00A0881E /* IMG_0462.jpg */,
				75FB9B55228723E000A0881E /* prove loghi-15.png */,
			);
			path = TmpImages;
			sourceTree = "<group>";
		};
		75FB9AF62282173F00A0881E /* Musei */ = {
			isa = PBXGroup;
			children = (
				75FB9AF4228212C700A0881E /* palazzoRealeCopertina.jpg */,
				75FB9AF2228212AA00A0881E /* museoArcheologicoCopertina.jpg */,
				75FB9ADA2281CECB00A0881E /* museiCapitoliniCopertina.jpg */,
				75FB9AD62281C29C00A0881E /* capodimonteCopertina.jpg */,
			);
			path = Musei;
			sourceTree = "<group>";
		};
		75FB9AF72282175400A0881E /* Tours */ = {
			isa = PBXGroup;
			children = (
				75FB9B072282EAF200A0881E /* Opere */,
				75FB9AFC228219AA00A0881E /* tourCaravaggio.png */,
				75FB9AFA228218D900A0881E /* tourOroRosso.jpg */,
				75FB9AF8228218D000A0881E /* tourStorie.jpg */,
			);
			path = Tours;
			sourceTree = "<group>";
		};
		75FB9B002282225900A0881E /* Tours */ = {
			isa = PBXGroup;
			children = (
				758560482280819300EDB1AD /* ViewController.swift */,
				75FB9AD82281CD3200A0881E /* MuseoTableViewCell.swift */,
				75FB9AFE22821F0A00A0881E /* DettaglioMuseoViewController.swift */,
				75FB9B012282231D00A0881E /* TourTableViewCell.swift */,
				75FB9B202283099B00A0881E /* DettaglioTourViewController.swift */,
				75FB9B2222830AC500A0881E /* TappaTableViewCell.swift */,
				75FB9B2422831CD200A0881E /* DettaglioTappaViewController.swift */,
			);
			path = Tours;
			sourceTree = "<group>";
		};
		75FB9B072282EAF200A0881E /* Opere */ = {
			isa = PBXGroup;
			children = (
				75FB9B172282EC9B00A0881E /* flag1th.png */,
				75FB9B142282EC9B00A0881E /* flag2th.png */,
				75FB9B162282EC9B00A0881E /* gio1th.png */,
				75FB9B152282EC9B00A0881E /* mart1th.png */,
				75FB9B182282EC9B00A0881E /* sal1th.png */,
				75FB9B192282EC9B00A0881E /* sal2th.png */,
				75FB9B0B2282EB0700A0881E /* flag1.png */,
				75FB9B092282EB0700A0881E /* flag2.png */,
				75FB9B0A2282EB0700A0881E /* gio1.png */,
				75FB9B0C2282EB0700A0881E /* mart1.png */,
				75FB9B082282EB0700A0881E /* sal1.png */,
				75FB9B0D2282EB0700A0881E /* sal2.png */,
			);
			path = Opere;
			sourceTree = "<group>";
		};
		75FB9B312285602B00A0881E /* Vivi */ = {
			isa = PBXGroup;
			children = (
				75FB9B2F22848A7700A0881E /* TourScanViewController.swift */,
				75FB9B3222858EA000A0881E /* ViviViewController.swift */,
				75FB9B5122870E4300A0881E /* EmozioniTableViewController.swift */,
				75FB9B5322870E5D00A0881E /* EmozioneTableViewCell.swift */,
				750CDA9A22873DBA004D0FEB /* EsperienzaDetailsViewController.swift */,
				750CDA9C22873DDB004D0FEB /* FotoTableViewCell.swift */,
				750CDA9E22873DEC004D0FEB /* AudioTableViewCell.swift */,
			);
			path = Vivi;
			sourceTree = "<group>";
		};
		75FB9B4E228618AD00A0881E /* Wave */ = {
			isa = PBXGroup;
			children = (
				75FB9B4F228618DB00A0881E /* YXWaveView.swift */,
			);
			path = Wave;
			sourceTree = "<group>";
		};
/* End PBXGroup section */

/* Begin PBXNativeTarget section */
		758560422280819300EDB1AD /* Empart */ = {
			isa = PBXNativeTarget;
			buildConfigurationList = 758560552280819400EDB1AD /* Build configuration list for PBXNativeTarget "Empart" */;
			buildPhases = (
				7585603F2280819300EDB1AD /* Sources */,
				758560402280819300EDB1AD /* Frameworks */,
				758560412280819300EDB1AD /* Resources */,
			);
			buildRules = (
			);
			dependencies = (
			);
			name = Empart;
			productName = Empart;
			productReference = 758560432280819300EDB1AD /* Empart.app */;
			productType = "com.apple.product-type.application";
		};
/* End PBXNativeTarget section */

/* Begin PBXProject section */
		7585603B2280819300EDB1AD /* Project object */ = {
			isa = PBXProject;
			attributes = {
				LastSwiftUpdateCheck = 1020;
				LastUpgradeCheck = 1020;
				ORGANIZATIONNAME = "fernando rosa";
				TargetAttributes = {
					758560422280819300EDB1AD = {
						CreatedOnToolsVersion = 10.2.1;
					};
				};
			};
			buildConfigurationList = 7585603E2280819300EDB1AD /* Build configuration list for PBXProject "Empart" */;
			compatibilityVersion = "Xcode 9.3";
			developmentRegion = en;
			hasScannedForEncodings = 0;
			knownRegions = (
				en,
				Base,
			);
			mainGroup = 7585603A2280819300EDB1AD;
			productRefGroup = 758560442280819300EDB1AD /* Products */;
			projectDirPath = "";
			projectRoot = "";
			targets = (
				758560422280819300EDB1AD /* Empart */,
			);
		};
/* End PBXProject section */

/* Begin PBXResourcesBuildPhase section */
		758560412280819300EDB1AD /* Resources */ = {
			isa = PBXResourcesBuildPhase;
			buildActionMask = 2147483647;
			files = (
				750CDADB228ACAFF004D0FEB /* video.mp4 in Resources */,
				75FB9AF5228212C700A0881E /* palazzoRealeCopertina.jpg in Resources */,
				75FB9B1C2282EC9B00A0881E /* gio1th.png in Resources */,
				75FB9B372285C47400A0881E /* 16052.png in Resources */,
				75FB9B132282EB0700A0881E /* sal2.png in Resources */,
				75FB9B352285C3F900A0881E /* Pause-512.png in Resources */,
				75FB9B122282EB0700A0881E /* mart1.png in Resources */,
				75FB9B1E2282EC9B00A0881E /* sal1th.png in Resources */,
				75FB9B1B2282EC9B00A0881E /* mart1th.png in Resources */,
				75FB9B042282B48800A0881E /* testScan.png in Resources */,
				75FB9AFB228218D900A0881E /* tourOroRosso.jpg in Resources */,
				750CDAB12289A9EA004D0FEB /* audio1.png in Resources */,
				75FB9B112282EB0700A0881E /* flag1.png in Resources */,
				750CDAB22289A9EA004D0FEB /* cuore1.png in Resources */,
				750CDAC6228A08CA004D0FEB /* riviviCamera.png in Resources */,
				75FB9B392285C4B800A0881E /* stop-squared-filled.png in Resources */,
				75FB9B102282EB0700A0881E /* gio1.png in Resources */,
				75FB9B56228723E000A0881E /* prove loghi-15.png in Resources */,
				750CDAB62289B445004D0FEB /* logoVivi.png in Resources */,
				75FB9AF9228218D000A0881E /* tourStorie.jpg in Resources */,
				750CDAB42289A9EA004D0FEB /* foto1.png in Resources */,
				75FB9B1A2282EC9B00A0881E /* flag2th.png in Resources */,
				750CDAC8228A0A15004D0FEB /* riviviPlayVideo.png in Resources */,
				750CDAC3228A08CA004D0FEB /* riviviMusica.png in Resources */,
				758560512280819400EDB1AD /* LaunchScreen.storyboard in Resources */,
				750CDAD2228A128F004D0FEB /* viviPause.png in Resources */,
				75FB9B1F2282EC9B00A0881E /* sal2th.png in Resources */,
				75FB9AD72281C29D00A0881E /* capodimonteCopertina.jpg in Resources */,
				75FB9AF3228212AA00A0881E /* museoArcheologicoCopertina.jpg in Resources */,
				750CDAB82289F3F1004D0FEB /* riviviPlay.png in Resources */,
				750CDAD3228A128F004D0FEB /* viviPlayRec.png in Resources */,
				75FB9B062282B7BF00A0881E /* qrcode.png in Resources */,
				750CDAC4228A08CA004D0FEB /* riviviCuore.png in Resources */,
				750CDAB32289A9EA004D0FEB /* musica1.png in Resources */,
				75FB9B0F2282EB0700A0881E /* flag2.png in Resources */,
				75FB9AD52281BBEA00A0881E /* IMG_0462.jpg in Resources */,
				7585604E2280819400EDB1AD /* Assets.xcassets in Resources */,
				75FB9ADB2281CECB00A0881E /* museiCapitoliniCopertina.jpg in Resources */,
				75FB9B0E2282EB0700A0881E /* sal1.png in Resources */,
				750CDAC5228A08CA004D0FEB /* riviviAudio.png in Resources */,
				7585605A228081DE00EDB1AD /* Tutorial.storyboard in Resources */,
				75FB9B1D2282EC9B00A0881E /* flag1th.png in Resources */,
				7585604C2280819300EDB1AD /* Main.storyboard in Resources */,
				75FB9AFD228219AA00A0881E /* tourCaravaggio.png in Resources */,
				750CDAD4228A128F004D0FEB /* viviStop.png in Resources */,
			);
			runOnlyForDeploymentPostprocessing = 0;
		};
/* End PBXResourcesBuildPhase section */

/* Begin PBXSourcesBuildPhase section */
		7585603F2280819300EDB1AD /* Sources */ = {
			isa = PBXSourcesBuildPhase;
			buildActionMask = 2147483647;
			files = (
				75FB9B5422870E5D00A0881E /* EmozioneTableViewCell.swift in Sources */,
				75FB9ADF2281EC6700A0881E /* TourEmpart.swift in Sources */,
				758560492280819300EDB1AD /* ViewController.swift in Sources */,
				750CDAA22289650E004D0FEB /* MioTourTableViewCell.swift in Sources */,
				750CDABA2289F462004D0FEB /* MiaTappaTableViewCell.swift in Sources */,
				75FB9B2C228423E300A0881E /* Pulsing.swift in Sources */,
				7585605E2280829400EDB1AD /* CercaViewController.swift in Sources */,
				75FB9B50228618DB00A0881E /* YXWaveView.swift in Sources */,
				75FB9B5222870E4300A0881E /* EmozioniTableViewController.swift in Sources */,
				75FB9B2522831CD200A0881E /* DettaglioTappaViewController.swift in Sources */,
				758560642280CE8A00EDB1AD /* TutorialPageViewController.swift in Sources */,
				75FB9B212283099B00A0881E /* DettaglioTourViewController.swift in Sources */,
				75FB9AED2281F6A500A0881E /* MiaTappa.swift in Sources */,
				75FB9B3322858EA000A0881E /* ViviViewController.swift in Sources */,
				75FB9B2322830AC500A0881E /* TappaTableViewCell.swift in Sources */,
				758560472280819300EDB1AD /* AppDelegate.swift in Sources */,
				750CDA9F22873DEC004D0FEB /* AudioTableViewCell.swift in Sources */,
				75FB9AFF22821F0A00A0881E /* DettaglioMuseoViewController.swift in Sources */,
				750CDAA422896F31004D0FEB /* NavigationExtension.swift in Sources */,
				75FB9B2E228465DF00A0881E /* DataManager.swift in Sources */,
				75FB9AE52281EF5000A0881E /* Autore.swift in Sources */,
				75856060228082C200EDB1AD /* ImpostazioniViewController.swift in Sources */,
				75FB9AEB2281F5A400A0881E /* MioTour.swift in Sources */,
				75FB9ADD2281EB8F00A0881E /* Museo.swift in Sources */,
				750CDA9D22873DDB004D0FEB /* FotoTableViewCell.swift in Sources */,
				75FB9AE12281EE3000A0881E /* Tappa.swift in Sources */,
				758560622280B5E500EDB1AD /* TutorialViewController.swift in Sources */,
				750CDABC2289F5CB004D0FEB /* DettagliMioTourViewController.swift in Sources */,
				75FB9AE92281F4F300A0881E /* Emozione.swift in Sources */,
				75FB9AEF2281F70300A0881E /* RicordoEmpart.swift in Sources */,
				75FB9AF12281F72400A0881E /* EsperienzaEmpart.swift in Sources */,
				75FB9B3022848A7700A0881E /* TourScanViewController.swift in Sources */,
				75FB9AE32281EF3E00A0881E /* Opera.swift in Sources */,
				750CDA9B22873DBA004D0FEB /* EsperienzaDetailsViewController.swift in Sources */,
				750CDABE2289FFB1004D0FEB /* RiviviViewController.swift in Sources */,
				75FB9AE72281EFE200A0881E /* Beacon.swift in Sources */,
				75FB9B022282231D00A0881E /* TourTableViewCell.swift in Sources */,
				7585605C2280827E00EDB1AD /* MieiPercorsiViewController.swift in Sources */,
				75FB9AD92281CD3200A0881E /* MuseoTableViewCell.swift in Sources */,
			);
			runOnlyForDeploymentPostprocessing = 0;
		};
/* End PBXSourcesBuildPhase section */

/* Begin PBXVariantGroup section */
		7585604A2280819300EDB1AD /* Main.storyboard */ = {
			isa = PBXVariantGroup;
			children = (
				7585604B2280819300EDB1AD /* Base */,
			);
			name = Main.storyboard;
			sourceTree = "<group>";
		};
		7585604F2280819400EDB1AD /* LaunchScreen.storyboard */ = {
			isa = PBXVariantGroup;
			children = (
				758560502280819400EDB1AD /* Base */,
			);
			name = LaunchScreen.storyboard;
			sourceTree = "<group>";
		};
/* End PBXVariantGroup section */

/* Begin XCBuildConfiguration section */
		758560532280819400EDB1AD /* Debug */ = {
			isa = XCBuildConfiguration;
			buildSettings = {
				ALWAYS_SEARCH_USER_PATHS = NO;
				CLANG_ANALYZER_NONNULL = YES;
				CLANG_ANALYZER_NUMBER_OBJECT_CONVERSION = YES_AGGRESSIVE;
				CLANG_CXX_LANGUAGE_STANDARD = "gnu++14";
				CLANG_CXX_LIBRARY = "libc++";
				CLANG_ENABLE_MODULES = YES;
				CLANG_ENABLE_OBJC_ARC = YES;
				CLANG_ENABLE_OBJC_WEAK = YES;
				CLANG_WARN_BLOCK_CAPTURE_AUTORELEASING = YES;
				CLANG_WARN_BOOL_CONVERSION = YES;
				CLANG_WARN_COMMA = YES;
				CLANG_WARN_CONSTANT_CONVERSION = YES;
				CLANG_WARN_DEPRECATED_OBJC_IMPLEMENTATIONS = YES;
				CLANG_WARN_DIRECT_OBJC_ISA_USAGE = YES_ERROR;
				CLANG_WARN_DOCUMENTATION_COMMENTS = YES;
				CLANG_WARN_EMPTY_BODY = YES;
				CLANG_WARN_ENUM_CONVERSION = YES;
				CLANG_WARN_INFINITE_RECURSION = YES;
				CLANG_WARN_INT_CONVERSION = YES;
				CLANG_WARN_NON_LITERAL_NULL_CONVERSION = YES;
				CLANG_WARN_OBJC_IMPLICIT_RETAIN_SELF = YES;
				CLANG_WARN_OBJC_LITERAL_CONVERSION = YES;
				CLANG_WARN_OBJC_ROOT_CLASS = YES_ERROR;
				CLANG_WARN_RANGE_LOOP_ANALYSIS = YES;
				CLANG_WARN_STRICT_PROTOTYPES = YES;
				CLANG_WARN_SUSPICIOUS_MOVE = YES;
				CLANG_WARN_UNGUARDED_AVAILABILITY = YES_AGGRESSIVE;
				CLANG_WARN_UNREACHABLE_CODE = YES;
				CLANG_WARN__DUPLICATE_METHOD_MATCH = YES;
				CODE_SIGN_IDENTITY = "iPhone Developer";
				COPY_PHASE_STRIP = NO;
				DEBUG_INFORMATION_FORMAT = dwarf;
				ENABLE_STRICT_OBJC_MSGSEND = YES;
				ENABLE_TESTABILITY = YES;
				GCC_C_LANGUAGE_STANDARD = gnu11;
				GCC_DYNAMIC_NO_PIC = NO;
				GCC_NO_COMMON_BLOCKS = YES;
				GCC_OPTIMIZATION_LEVEL = 0;
				GCC_PREPROCESSOR_DEFINITIONS = (
					"DEBUG=1",
					"$(inherited)",
				);
				GCC_WARN_64_TO_32_BIT_CONVERSION = YES;
				GCC_WARN_ABOUT_RETURN_TYPE = YES_ERROR;
				GCC_WARN_UNDECLARED_SELECTOR = YES;
				GCC_WARN_UNINITIALIZED_AUTOS = YES_AGGRESSIVE;
				GCC_WARN_UNUSED_FUNCTION = YES;
				GCC_WARN_UNUSED_VARIABLE = YES;
				IPHONEOS_DEPLOYMENT_TARGET = 12.2;
				MTL_ENABLE_DEBUG_INFO = INCLUDE_SOURCE;
				MTL_FAST_MATH = YES;
				ONLY_ACTIVE_ARCH = YES;
				SDKROOT = iphoneos;
				SWIFT_ACTIVE_COMPILATION_CONDITIONS = DEBUG;
				SWIFT_OPTIMIZATION_LEVEL = "-Onone";
			};
			name = Debug;
		};
		758560542280819400EDB1AD /* Release */ = {
			isa = XCBuildConfiguration;
			buildSettings = {
				ALWAYS_SEARCH_USER_PATHS = NO;
				CLANG_ANALYZER_NONNULL = YES;
				CLANG_ANALYZER_NUMBER_OBJECT_CONVERSION = YES_AGGRESSIVE;
				CLANG_CXX_LANGUAGE_STANDARD = "gnu++14";
				CLANG_CXX_LIBRARY = "libc++";
				CLANG_ENABLE_MODULES = YES;
				CLANG_ENABLE_OBJC_ARC = YES;
				CLANG_ENABLE_OBJC_WEAK = YES;
				CLANG_WARN_BLOCK_CAPTURE_AUTORELEASING = YES;
				CLANG_WARN_BOOL_CONVERSION = YES;
				CLANG_WARN_COMMA = YES;
				CLANG_WARN_CONSTANT_CONVERSION = YES;
				CLANG_WARN_DEPRECATED_OBJC_IMPLEMENTATIONS = YES;
				CLANG_WARN_DIRECT_OBJC_ISA_USAGE = YES_ERROR;
				CLANG_WARN_DOCUMENTATION_COMMENTS = YES;
				CLANG_WARN_EMPTY_BODY = YES;
				CLANG_WARN_ENUM_CONVERSION = YES;
				CLANG_WARN_INFINITE_RECURSION = YES;
				CLANG_WARN_INT_CONVERSION = YES;
				CLANG_WARN_NON_LITERAL_NULL_CONVERSION = YES;
				CLANG_WARN_OBJC_IMPLICIT_RETAIN_SELF = YES;
				CLANG_WARN_OBJC_LITERAL_CONVERSION = YES;
				CLANG_WARN_OBJC_ROOT_CLASS = YES_ERROR;
				CLANG_WARN_RANGE_LOOP_ANALYSIS = YES;
				CLANG_WARN_STRICT_PROTOTYPES = YES;
				CLANG_WARN_SUSPICIOUS_MOVE = YES;
				CLANG_WARN_UNGUARDED_AVAILABILITY = YES_AGGRESSIVE;
				CLANG_WARN_UNREACHABLE_CODE = YES;
				CLANG_WARN__DUPLICATE_METHOD_MATCH = YES;
				CODE_SIGN_IDENTITY = "iPhone Developer";
				COPY_PHASE_STRIP = NO;
				DEBUG_INFORMATION_FORMAT = "dwarf-with-dsym";
				ENABLE_NS_ASSERTIONS = NO;
				ENABLE_STRICT_OBJC_MSGSEND = YES;
				GCC_C_LANGUAGE_STANDARD = gnu11;
				GCC_NO_COMMON_BLOCKS = YES;
				GCC_WARN_64_TO_32_BIT_CONVERSION = YES;
				GCC_WARN_ABOUT_RETURN_TYPE = YES_ERROR;
				GCC_WARN_UNDECLARED_SELECTOR = YES;
				GCC_WARN_UNINITIALIZED_AUTOS = YES_AGGRESSIVE;
				GCC_WARN_UNUSED_FUNCTION = YES;
				GCC_WARN_UNUSED_VARIABLE = YES;
				IPHONEOS_DEPLOYMENT_TARGET = 12.2;
				MTL_ENABLE_DEBUG_INFO = NO;
				MTL_FAST_MATH = YES;
				SDKROOT = iphoneos;
				SWIFT_COMPILATION_MODE = wholemodule;
				SWIFT_OPTIMIZATION_LEVEL = "-O";
				VALIDATE_PRODUCT = YES;
			};
			name = Release;
		};
		758560562280819400EDB1AD /* Debug */ = {
			isa = XCBuildConfiguration;
			buildSettings = {
				ASSETCATALOG_COMPILER_APPICON_NAME = AppIcon;
				CODE_SIGN_IDENTITY = "iPhone Developer";
				CODE_SIGN_STYLE = Automatic;
				DEVELOPMENT_TEAM = MXY5225227;
				INFOPLIST_FILE = Empart/Info.plist;
				LD_RUNPATH_SEARCH_PATHS = (
					"$(inherited)",
					"@executable_path/Frameworks",
				);
				PRODUCT_BUNDLE_IDENTIFIER = it.fernando.EMPART;
				PRODUCT_NAME = "$(TARGET_NAME)";
				PROVISIONING_PROFILE_SPECIFIER = "";
				SWIFT_VERSION = 5.0;
				TARGETED_DEVICE_FAMILY = "1,2";
			};
			name = Debug;
		};
		758560572280819400EDB1AD /* Release */ = {
			isa = XCBuildConfiguration;
			buildSettings = {
				ASSETCATALOG_COMPILER_APPICON_NAME = AppIcon;
				CODE_SIGN_IDENTITY = "iPhone Developer";
				CODE_SIGN_STYLE = Automatic;
				DEVELOPMENT_TEAM = MXY5225227;
				INFOPLIST_FILE = Empart/Info.plist;
				LD_RUNPATH_SEARCH_PATHS = (
					"$(inherited)",
					"@executable_path/Frameworks",
				);
				PRODUCT_BUNDLE_IDENTIFIER = it.fernando.EMPART;
				PRODUCT_NAME = "$(TARGET_NAME)";
				PROVISIONING_PROFILE_SPECIFIER = "";
				SWIFT_VERSION = 5.0;
				TARGETED_DEVICE_FAMILY = "1,2";
			};
			name = Release;
		};
/* End XCBuildConfiguration section */

/* Begin XCConfigurationList section */
		7585603E2280819300EDB1AD /* Build configuration list for PBXProject "Empart" */ = {
			isa = XCConfigurationList;
			buildConfigurations = (
				758560532280819400EDB1AD /* Debug */,
				758560542280819400EDB1AD /* Release */,
			);
			defaultConfigurationIsVisible = 0;
			defaultConfigurationName = Release;
		};
		758560552280819400EDB1AD /* Build configuration list for PBXNativeTarget "Empart" */ = {
			isa = XCConfigurationList;
			buildConfigurations = (
				758560562280819400EDB1AD /* Debug */,
				758560572280819400EDB1AD /* Release */,
			);
			defaultConfigurationIsVisible = 0;
			defaultConfigurationName = Release;
		};
/* End XCConfigurationList section */
	};
	rootObject = 7585603B2280819300EDB1AD /* Project object */;
}
